{
  "name": "be-unlockable",
  "version": "0.0.0",
  "lockfileVersion": 2,
  "requires": true,
  "packages": {
    "": {
      "name": "be-unlockable",
      "version": "0.0.0",
      "license": "MIT",
      "dependencies": {
        "be-decorated": "0.0.89",
        "be-hive": "0.0.36"
      }
    },
    "node_modules/be-decorated": {
      "version": "0.0.89",
      "resolved": "https://registry.npmjs.org/be-decorated/-/be-decorated-0.0.89.tgz",
      "integrity": "sha512-G4+OaPkUTIERiHrBtoIGfSuqbU8aDxDj2c1cL7fmONE1t9/Xn4RhiZwtRbi1mSmD+xJasKde+SC3otsuZCcShg==",
      "dependencies": {
        "trans-render": "0.0.511",
        "xtal-element": "0.0.484"
      }
    },
    "node_modules/be-hive": {
      "version": "0.0.36",
      "resolved": "https://registry.npmjs.org/be-hive/-/be-hive-0.0.36.tgz",
      "integrity": "sha512-2cYOI3K4SfsfoODPMDY+aDD+VOXykmM/BzAHzksWQbbPC0G7JCQ8Flkj2F2vJXkeubdFfQegwk5t0ORVol9huQ==",
      "dependencies": {
        "xtal-element": "0.0.484"
      }
    },
    "node_modules/trans-render": {
      "version": "0.0.511",
      "resolved": "https://registry.npmjs.org/trans-render/-/trans-render-0.0.511.tgz",
      "integrity": "sha512-vlnkOiiDn3kgl8KU5NytHTuS2n3YOXL4VtjTYrOZBL4GY29aHUkrwcYQPkM1brnd/OAL3V6asPrVAovohKNkBQ=="
    },
    "node_modules/xtal-element": {
      "version": "0.0.484",
      "resolved": "https://registry.npmjs.org/xtal-element/-/xtal-element-0.0.484.tgz",
      "integrity": "sha512-lmXYnHrUtFXSkbOw/lFeXIWVI21DZLiIFm2w274Pn1b9ff5QeHdG+/SMOaqZYylBDRphefpBKEehtsCZHgPdlg==",
      "dependencies": {
        "trans-render": "0.0.511"
      }
    }
  },
  "dependencies": {
    "be-decorated": {
      "version": "0.0.89",
      "resolved": "https://registry.npmjs.org/be-decorated/-/be-decorated-0.0.89.tgz",
      "integrity": "sha512-G4+OaPkUTIERiHrBtoIGfSuqbU8aDxDj2c1cL7fmONE1t9/Xn4RhiZwtRbi1mSmD+xJasKde+SC3otsuZCcShg==",
      "requires": {
        "trans-render": "0.0.511",
        "xtal-element": "0.0.484"
      }
    },
    "be-hive": {
      "version": "0.0.36",
      "resolved": "https://registry.npmjs.org/be-hive/-/be-hive-0.0.36.tgz",
      "integrity": "sha512-2cYOI3K4SfsfoODPMDY+aDD+VOXykmM/BzAHzksWQbbPC0G7JCQ8Flkj2F2vJXkeubdFfQegwk5t0ORVol9huQ==",
      "requires": {
        "xtal-element": "0.0.484"
      }
    },
    "trans-render": {
      "version": "0.0.511",
      "resolved": "https://registry.npmjs.org/trans-render/-/trans-render-0.0.511.tgz",
      "integrity": "sha512-vlnkOiiDn3kgl8KU5NytHTuS2n3YOXL4VtjTYrOZBL4GY29aHUkrwcYQPkM1brnd/OAL3V6asPrVAovohKNkBQ=="
    },
    "xtal-element": {
      "version": "0.0.484",
      "resolved": "https://registry.npmjs.org/xtal-element/-/xtal-element-0.0.484.tgz",
      "integrity": "sha512-lmXYnHrUtFXSkbOw/lFeXIWVI21DZLiIFm2w274Pn1b9ff5QeHdG+/SMOaqZYylBDRphefpBKEehtsCZHgPdlg==",
      "requires": {
        "trans-render": "0.0.511"
      }
    }
  }
}
